// !$*UTF8*$!
{
	archiveVersion = 1;
	classes = {
	};
	objectVersion = 50;
	objects = {

/* Begin PBXBuildFile section */
		157031793501852C09F6DE10 /* Pods_BoostRunClub.framework in Frameworks */ = {isa = PBXBuildFile; fileRef = 8CA3CAF831B658B0F9E52002 /* Pods_BoostRunClub.framework */; };
		4C1D491D2575D869002C66CD /* RunningDataService.swift in Sources */ = {isa = PBXBuildFile; fileRef = 4C1D491C2575D869002C66CD /* RunningDataService.swift */; };
		4C1D49202575D8C4002C66CD /* RunningDataService.swift in Sources */ = {isa = PBXBuildFile; fileRef = 4C1D491C2575D869002C66CD /* RunningDataService.swift */; };
		4C3E7AB4256E3D920061244F /* Notification.name.swift in Sources */ = {isa = PBXBuildFile; fileRef = 4C3E7AB3256E3D920061244F /* Notification.name.swift */; };
		4C3E7AB8256E45480061244F /* RunningInfoViewModel.swift in Sources */ = {isa = PBXBuildFile; fileRef = 4C3E7AB7256E45480061244F /* RunningInfoViewModel.swift */; };
		4C3E7AC4256EC2620061244F /* Futura LT Condensed Extra Bold Oblique.ttf in Resources */ = {isa = PBXBuildFile; fileRef = 4C3E7AC3256EC2620061244F /* Futura LT Condensed Extra Bold Oblique.ttf */; };
		4C3E7AC9256F43440061244F /* GoalValueView.swift in Sources */ = {isa = PBXBuildFile; fileRef = 4C3E7AC8256F43440061244F /* GoalValueView.swift */; };
		4C3E7ACC256F46A00061244F /* GoalType.swift in Sources */ = {isa = PBXBuildFile; fileRef = 4C3E7ACB256F46A00061244F /* GoalType.swift */; };
		4C7046002577821D009C39A2 /* EventTimer.swift in Sources */ = {isa = PBXBuildFile; fileRef = 4C7045FF2577821D009C39A2 /* EventTimer.swift */; };
		4C7046032577862A009C39A2 /* EventTimer.swift in Sources */ = {isa = PBXBuildFile; fileRef = 4C7045FF2577821D009C39A2 /* EventTimer.swift */; };
		4C9C8FD52566B0A400956D51 /* .swiftlint.yml in Resources */ = {isa = PBXBuildFile; fileRef = 4C9C8FD42566B0A400956D51 /* .swiftlint.yml */; };
		4CB8FA3325729F56000B90ED /* GoalTypeViewModelTest.swift in Sources */ = {isa = PBXBuildFile; fileRef = 4CB8FA3225729F56000B90ED /* GoalTypeViewModelTest.swift */; };
		4CB8FA3725729F65000B90ED /* GoalValueSetupViewModelTest.swift in Sources */ = {isa = PBXBuildFile; fileRef = 4CB8FA3625729F65000B90ED /* GoalValueSetupViewModelTest.swift */; };
		4CCD6E78256BCA2500195EDA /* PrepareRunViewController.swift in Sources */ = {isa = PBXBuildFile; fileRef = 4CCD6E77256BCA2500195EDA /* PrepareRunViewController.swift */; };
		4CCD6E7B256BDD0800195EDA /* PrepareRunCoordinator.swift in Sources */ = {isa = PBXBuildFile; fileRef = 4CCD6E7A256BDD0800195EDA /* PrepareRunCoordinator.swift */; };
		4CCD6E7F256BEA1200195EDA /* GoalTypeViewController.swift in Sources */ = {isa = PBXBuildFile; fileRef = 4CCD6E7E256BEA1200195EDA /* GoalTypeViewController.swift */; };
		4CEB6BF2256F657A00FA7E88 /* GoalValueSetupViewController.swift in Sources */ = {isa = PBXBuildFile; fileRef = 4CEB6BF1256F657A00FA7E88 /* GoalValueSetupViewController.swift */; };
		4CEB6BF5256F661700FA7E88 /* GoalValueSetupViewModel.swift in Sources */ = {isa = PBXBuildFile; fileRef = 4CEB6BF4256F661700FA7E88 /* GoalValueSetupViewModel.swift */; };
		714C03982574F794006B81E3 /* RunningMapCoordinator.swift in Sources */ = {isa = PBXBuildFile; fileRef = 714C03972574F794006B81E3 /* RunningMapCoordinator.swift */; };
		714C039B2574F7AE006B81E3 /* RunningInfoCoordinator.swift in Sources */ = {isa = PBXBuildFile; fileRef = 714C039A2574F7AE006B81E3 /* RunningInfoCoordinator.swift */; };
		714C039E2574F7C6006B81E3 /* SplitsViewCoordinator.swift in Sources */ = {isa = PBXBuildFile; fileRef = 714C039D2574F7C6006B81E3 /* SplitsViewCoordinator.swift */; };
		714ECA772574F41B00809CBE /* RunningPageCoordinator.swift in Sources */ = {isa = PBXBuildFile; fileRef = 714ECA762574F41B00809CBE /* RunningPageCoordinator.swift */; };
		71A58D18256D2DE50012FF51 /* PrepareRunViewModel.swift in Sources */ = {isa = PBXBuildFile; fileRef = 71A58D17256D2DE50012FF51 /* PrepareRunViewModel.swift */; };
		71A58D1C256D2EEA0012FF51 /* GoalTypeViewModel.swift in Sources */ = {isa = PBXBuildFile; fileRef = 71A58D1B256D2EEA0012FF51 /* GoalTypeViewModel.swift */; };
		71A58D1F256D3FF80012FF51 /* GoalTypeCell.swift in Sources */ = {isa = PBXBuildFile; fileRef = 71A58D1E256D3FF80012FF51 /* GoalTypeCell.swift */; };
		71CB9FFE2574374B00B1DD04 /* GoalTypeViewModel.swift in Sources */ = {isa = PBXBuildFile; fileRef = 71A58D1B256D2EEA0012FF51 /* GoalTypeViewModel.swift */; };
		71E8288F256B9320004A1F30 /* AppCoordinator.swift in Sources */ = {isa = PBXBuildFile; fileRef = 71E8288E256B9320004A1F30 /* AppCoordinator.swift */; };
		71E82892256B9468004A1F30 /* LoginCoordinator.swift in Sources */ = {isa = PBXBuildFile; fileRef = 71E82891256B9468004A1F30 /* LoginCoordinator.swift */; };
		71E82895256B9581004A1F30 /* LoginViewController.swift in Sources */ = {isa = PBXBuildFile; fileRef = 71E82894256B9581004A1F30 /* LoginViewController.swift */; };
		71E82898256B9788004A1F30 /* TabBarCoordinator.swift in Sources */ = {isa = PBXBuildFile; fileRef = 71E82897256B9788004A1F30 /* TabBarCoordinator.swift */; };
		71E8289B256B9B08004A1F30 /* ActivityViewController.swift in Sources */ = {isa = PBXBuildFile; fileRef = 71E8289A256B9B08004A1F30 /* ActivityViewController.swift */; };
		71E8289E256B9B13004A1F30 /* RunningPageViewController.swift in Sources */ = {isa = PBXBuildFile; fileRef = 71E8289D256B9B13004A1F30 /* RunningPageViewController.swift */; };
		71E828A1256B9B1E004A1F30 /* ProfileViewController.swift in Sources */ = {isa = PBXBuildFile; fileRef = 71E828A0256B9B1E004A1F30 /* ProfileViewController.swift */; };
		71E828A7256B9F13004A1F30 /* ProfileCoordinator.swift in Sources */ = {isa = PBXBuildFile; fileRef = 71E828A6256B9F13004A1F30 /* ProfileCoordinator.swift */; };
		71E828B0256BADB0004A1F30 /* Coordinator.swift in Sources */ = {isa = PBXBuildFile; fileRef = 71E828AF256BADB0004A1F30 /* Coordinator.swift */; };
		71E828B3256BADFA004A1F30 /* ActivityCoordinator.swift in Sources */ = {isa = PBXBuildFile; fileRef = 71E828B2256BADFA004A1F30 /* ActivityCoordinator.swift */; };
		71EFCC6E257753FA007998AD /* RunningPageViewModel.swift in Sources */ = {isa = PBXBuildFile; fileRef = 71EFCC6D257753FA007998AD /* RunningPageViewModel.swift */; };
		71EFCC8D2577C3C0007998AD /* CircleButton.swift in Sources */ = {isa = PBXBuildFile; fileRef = 71EFCC8C2577C3C0007998AD /* CircleButton.swift */; };
		71EFCCA62577D3E6007998AD /* UIButton+setSFSymbol.swift in Sources */ = {isa = PBXBuildFile; fileRef = 71EFCCA52577D3E6007998AD /* UIButton+setSFSymbol.swift */; };
		9600DB522566AA4400183CB9 /* AppDelegate.swift in Sources */ = {isa = PBXBuildFile; fileRef = 9600DB512566AA4400183CB9 /* AppDelegate.swift */; };
		9600DB542566AA4400183CB9 /* SceneDelegate.swift in Sources */ = {isa = PBXBuildFile; fileRef = 9600DB532566AA4400183CB9 /* SceneDelegate.swift */; };
		9600DB5B2566AA4700183CB9 /* Assets.xcassets in Resources */ = {isa = PBXBuildFile; fileRef = 9600DB5A2566AA4700183CB9 /* Assets.xcassets */; };
		9600DB5E2566AA4700183CB9 /* LaunchScreen.storyboard in Resources */ = {isa = PBXBuildFile; fileRef = 9600DB5C2566AA4700183CB9 /* LaunchScreen.storyboard */; };
		9635815225722B5B00B8BE6B /* RunDataView.swift in Sources */ = {isa = PBXBuildFile; fileRef = 9635815125722B5B00B8BE6B /* RunDataView.swift */; };
		9635815525722CFA00B8BE6B /* NikeLabel.swift in Sources */ = {isa = PBXBuildFile; fileRef = 9635815425722CFA00B8BE6B /* NikeLabel.swift */; };
		9635816025726EAB00B8BE6B /* BoostRunClubTests.swift in Sources */ = {isa = PBXBuildFile; fileRef = 9635815F25726EAB00B8BE6B /* BoostRunClubTests.swift */; };
		9635816A25726ECC00B8BE6B /* PrepareRunViewModelTest.swift in Sources */ = {isa = PBXBuildFile; fileRef = 9635816925726ECC00B8BE6B /* PrepareRunViewModelTest.swift */; };
		9635816D25726EED00B8BE6B /* PrepareRunViewModel.swift in Sources */ = {isa = PBXBuildFile; fileRef = 71A58D17256D2DE50012FF51 /* PrepareRunViewModel.swift */; };
		9635817025726EF800B8BE6B /* GoalType.swift in Sources */ = {isa = PBXBuildFile; fileRef = 4C3E7ACB256F46A00061244F /* GoalType.swift */; };
		963581762572705200B8BE6B /* LocationProvider.swift in Sources */ = {isa = PBXBuildFile; fileRef = 963B46F4256CD4E0006138DF /* LocationProvider.swift */; };
		9635817C2572707C00B8BE6B /* LocationProviderMock.swift in Sources */ = {isa = PBXBuildFile; fileRef = 9635817B2572707C00B8BE6B /* LocationProviderMock.swift */; };
		963B46F5256CD4E0006138DF /* LocationProvider.swift in Sources */ = {isa = PBXBuildFile; fileRef = 963B46F4256CD4E0006138DF /* LocationProvider.swift */; };
		963BDEB62572B867001D4124 /* GoalValueSetupViewModel.swift in Sources */ = {isa = PBXBuildFile; fileRef = 4CEB6BF4256F661700FA7E88 /* GoalValueSetupViewModel.swift */; };
		963BDEB92572B9F4001D4124 /* String+Regex.swift in Sources */ = {isa = PBXBuildFile; fileRef = 969D5F1B256FC48000DD11AB /* String+Regex.swift */; };
		963BDEBA2572B9F4001D4124 /* CaseIterable+.swift in Sources */ = {isa = PBXBuildFile; fileRef = 96FA7DF52570177C00090999 /* CaseIterable+.swift */; };
		967780292577905400DA2454 /* CountDownView.swift in Sources */ = {isa = PBXBuildFile; fileRef = 967780282577905400DA2454 /* CountDownView.swift */; };
		967FFAA4257602A200F3340C /* TimerInterval+String.swift in Sources */ = {isa = PBXBuildFile; fileRef = 967FFAA3257602A200F3340C /* TimerInterval+String.swift */; };
		9689A15E25763CC800DED689 /* PausedRunningViewController.swift in Sources */ = {isa = PBXBuildFile; fileRef = 9689A15D25763CC800DED689 /* PausedRunningViewController.swift */; };
		9689A16225763D1E00DED689 /* PausedRunningCoordinator.swift in Sources */ = {isa = PBXBuildFile; fileRef = 9689A16125763D1E00DED689 /* PausedRunningCoordinator.swift */; };
		9689A166257640C700DED689 /* PausedRunningViewModel.swift in Sources */ = {isa = PBXBuildFile; fileRef = 9689A165257640C700DED689 /* PausedRunningViewModel.swift */; };
		9689A16A2576441900DED689 /* RunningCoordinator.swift in Sources */ = {isa = PBXBuildFile; fileRef = 9689A1692576441900DED689 /* RunningCoordinator.swift */; };
		969D5F1C256FC48000DD11AB /* String+Regex.swift in Sources */ = {isa = PBXBuildFile; fileRef = 969D5F1B256FC48000DD11AB /* String+Regex.swift */; };
		96E13212257680B100656476 /* DependencyFactory.swift in Sources */ = {isa = PBXBuildFile; fileRef = 96E13211257680B100656476 /* DependencyFactory.swift */; };
		96FA7DF3256FFEE800090999 /* RunningInfoType.swift in Sources */ = {isa = PBXBuildFile; fileRef = 96FA7DF2256FFEE800090999 /* RunningInfoType.swift */; };
		96FA7DF62570177C00090999 /* CaseIterable+.swift in Sources */ = {isa = PBXBuildFile; fileRef = 96FA7DF52570177C00090999 /* CaseIterable+.swift */; };
		96FA7DFE25701C7700090999 /* RunningMapViewController.swift in Sources */ = {isa = PBXBuildFile; fileRef = 96FA7DFD25701C7700090999 /* RunningMapViewController.swift */; };
		96FA7E0125701C9300090999 /* RunningInfoViewController.swift in Sources */ = {isa = PBXBuildFile; fileRef = 96FA7E0025701C9200090999 /* RunningInfoViewController.swift */; };
		96FA7E0425701CB800090999 /* SplitsViewController.swift in Sources */ = {isa = PBXBuildFile; fileRef = 96FA7E0325701CB800090999 /* SplitsViewController.swift */; };
		96FA7E0B257025FF00090999 /* RunningMapViewModel.swift in Sources */ = {isa = PBXBuildFile; fileRef = 96FA7E0A257025FF00090999 /* RunningMapViewModel.swift */; };
		96FA7E0E2570260E00090999 /* SplitsViewModel.swift in Sources */ = {isa = PBXBuildFile; fileRef = 96FA7E0D2570260E00090999 /* SplitsViewModel.swift */; };
		96FA7E162570696800090999 /* .swiftformat in Resources */ = {isa = PBXBuildFile; fileRef = 96FA7E152570696800090999 /* .swiftformat */; };
/* End PBXBuildFile section */

/* Begin PBXContainerItemProxy section */
		9635816225726EAB00B8BE6B /* PBXContainerItemProxy */ = {
			isa = PBXContainerItemProxy;
			containerPortal = 9600DB462566AA4400183CB9 /* Project object */;
			proxyType = 1;
			remoteGlobalIDString = 9600DB4D2566AA4400183CB9;
			remoteInfo = BoostRunClub;
		};
/* End PBXContainerItemProxy section */

/* Begin PBXFileReference section */
		07229ADEF1C1F5ED1B45C47D /* Pods-BoostRunClub.debug.xcconfig */ = {isa = PBXFileReference; includeInIndex = 1; lastKnownFileType = text.xcconfig; name = "Pods-BoostRunClub.debug.xcconfig"; path = "Target Support Files/Pods-BoostRunClub/Pods-BoostRunClub.debug.xcconfig"; sourceTree = "<group>"; };
		4C1D491C2575D869002C66CD /* RunningDataService.swift */ = {isa = PBXFileReference; lastKnownFileType = sourcecode.swift; path = RunningDataService.swift; sourceTree = "<group>"; };
		4C3E7AB3256E3D920061244F /* Notification.name.swift */ = {isa = PBXFileReference; lastKnownFileType = sourcecode.swift; name = Notification.name.swift; path = BoostRunClub/Extensions/Notification.name.swift; sourceTree = SOURCE_ROOT; };
		4C3E7AB7256E45480061244F /* RunningInfoViewModel.swift */ = {isa = PBXFileReference; lastKnownFileType = sourcecode.swift; path = RunningInfoViewModel.swift; sourceTree = "<group>"; };
		4C3E7AC3256EC2620061244F /* Futura LT Condensed Extra Bold Oblique.ttf */ = {isa = PBXFileReference; lastKnownFileType = file; path = "Futura LT Condensed Extra Bold Oblique.ttf"; sourceTree = "<group>"; };
		4C3E7AC8256F43440061244F /* GoalValueView.swift */ = {isa = PBXFileReference; lastKnownFileType = sourcecode.swift; path = GoalValueView.swift; sourceTree = "<group>"; };
		4C3E7ACB256F46A00061244F /* GoalType.swift */ = {isa = PBXFileReference; lastKnownFileType = sourcecode.swift; name = GoalType.swift; path = BoostRunClub/Models/GoalType.swift; sourceTree = SOURCE_ROOT; };
		4C7045FF2577821D009C39A2 /* EventTimer.swift */ = {isa = PBXFileReference; lastKnownFileType = sourcecode.swift; path = EventTimer.swift; sourceTree = "<group>"; };
		4C9C8FD42566B0A400956D51 /* .swiftlint.yml */ = {isa = PBXFileReference; lastKnownFileType = text.yaml; path = .swiftlint.yml; sourceTree = "<group>"; };
		4CB8FA3225729F56000B90ED /* GoalTypeViewModelTest.swift */ = {isa = PBXFileReference; lastKnownFileType = sourcecode.swift; path = GoalTypeViewModelTest.swift; sourceTree = "<group>"; };
		4CB8FA3625729F65000B90ED /* GoalValueSetupViewModelTest.swift */ = {isa = PBXFileReference; lastKnownFileType = sourcecode.swift; path = GoalValueSetupViewModelTest.swift; sourceTree = "<group>"; };
		4CCD6E77256BCA2500195EDA /* PrepareRunViewController.swift */ = {isa = PBXFileReference; lastKnownFileType = sourcecode.swift; path = PrepareRunViewController.swift; sourceTree = "<group>"; };
		4CCD6E7A256BDD0800195EDA /* PrepareRunCoordinator.swift */ = {isa = PBXFileReference; lastKnownFileType = sourcecode.swift; path = PrepareRunCoordinator.swift; sourceTree = "<group>"; };
		4CCD6E7E256BEA1200195EDA /* GoalTypeViewController.swift */ = {isa = PBXFileReference; lastKnownFileType = sourcecode.swift; path = GoalTypeViewController.swift; sourceTree = "<group>"; };
		4CEB6BF1256F657A00FA7E88 /* GoalValueSetupViewController.swift */ = {isa = PBXFileReference; lastKnownFileType = sourcecode.swift; path = GoalValueSetupViewController.swift; sourceTree = "<group>"; };
		4CEB6BF4256F661700FA7E88 /* GoalValueSetupViewModel.swift */ = {isa = PBXFileReference; lastKnownFileType = sourcecode.swift; path = GoalValueSetupViewModel.swift; sourceTree = "<group>"; };
		714C03972574F794006B81E3 /* RunningMapCoordinator.swift */ = {isa = PBXFileReference; lastKnownFileType = sourcecode.swift; path = RunningMapCoordinator.swift; sourceTree = "<group>"; };
		714C039A2574F7AE006B81E3 /* RunningInfoCoordinator.swift */ = {isa = PBXFileReference; lastKnownFileType = sourcecode.swift; path = RunningInfoCoordinator.swift; sourceTree = "<group>"; };
		714C039D2574F7C6006B81E3 /* SplitsViewCoordinator.swift */ = {isa = PBXFileReference; lastKnownFileType = sourcecode.swift; path = SplitsViewCoordinator.swift; sourceTree = "<group>"; };
		714ECA762574F41B00809CBE /* RunningPageCoordinator.swift */ = {isa = PBXFileReference; lastKnownFileType = sourcecode.swift; path = RunningPageCoordinator.swift; sourceTree = "<group>"; };
		71A58D17256D2DE50012FF51 /* PrepareRunViewModel.swift */ = {isa = PBXFileReference; fileEncoding = 4; lastKnownFileType = sourcecode.swift; path = PrepareRunViewModel.swift; sourceTree = "<group>"; };
		71A58D1B256D2EEA0012FF51 /* GoalTypeViewModel.swift */ = {isa = PBXFileReference; lastKnownFileType = sourcecode.swift; path = GoalTypeViewModel.swift; sourceTree = "<group>"; };
		71A58D1E256D3FF80012FF51 /* GoalTypeCell.swift */ = {isa = PBXFileReference; lastKnownFileType = sourcecode.swift; path = GoalTypeCell.swift; sourceTree = "<group>"; };
		71E8288E256B9320004A1F30 /* AppCoordinator.swift */ = {isa = PBXFileReference; lastKnownFileType = sourcecode.swift; path = AppCoordinator.swift; sourceTree = "<group>"; };
		71E82891256B9468004A1F30 /* LoginCoordinator.swift */ = {isa = PBXFileReference; lastKnownFileType = sourcecode.swift; path = LoginCoordinator.swift; sourceTree = "<group>"; };
		71E82894256B9581004A1F30 /* LoginViewController.swift */ = {isa = PBXFileReference; lastKnownFileType = sourcecode.swift; path = LoginViewController.swift; sourceTree = "<group>"; };
		71E82897256B9788004A1F30 /* TabBarCoordinator.swift */ = {isa = PBXFileReference; lastKnownFileType = sourcecode.swift; path = TabBarCoordinator.swift; sourceTree = "<group>"; };
		71E8289A256B9B08004A1F30 /* ActivityViewController.swift */ = {isa = PBXFileReference; lastKnownFileType = sourcecode.swift; path = ActivityViewController.swift; sourceTree = "<group>"; };
		71E8289D256B9B13004A1F30 /* RunningPageViewController.swift */ = {isa = PBXFileReference; lastKnownFileType = sourcecode.swift; path = RunningPageViewController.swift; sourceTree = "<group>"; };
		71E828A0256B9B1E004A1F30 /* ProfileViewController.swift */ = {isa = PBXFileReference; lastKnownFileType = sourcecode.swift; path = ProfileViewController.swift; sourceTree = "<group>"; };
		71E828A6256B9F13004A1F30 /* ProfileCoordinator.swift */ = {isa = PBXFileReference; lastKnownFileType = sourcecode.swift; path = ProfileCoordinator.swift; sourceTree = "<group>"; };
		71E828AF256BADB0004A1F30 /* Coordinator.swift */ = {isa = PBXFileReference; lastKnownFileType = sourcecode.swift; path = Coordinator.swift; sourceTree = "<group>"; };
		71E828B2256BADFA004A1F30 /* ActivityCoordinator.swift */ = {isa = PBXFileReference; lastKnownFileType = sourcecode.swift; path = ActivityCoordinator.swift; sourceTree = "<group>"; };
		71EFCC6D257753FA007998AD /* RunningPageViewModel.swift */ = {isa = PBXFileReference; lastKnownFileType = sourcecode.swift; path = RunningPageViewModel.swift; sourceTree = "<group>"; };
		71EFCC8C2577C3C0007998AD /* CircleButton.swift */ = {isa = PBXFileReference; lastKnownFileType = sourcecode.swift; path = CircleButton.swift; sourceTree = "<group>"; };
		71EFCCA52577D3E6007998AD /* UIButton+setSFSymbol.swift */ = {isa = PBXFileReference; lastKnownFileType = sourcecode.swift; path = "UIButton+setSFSymbol.swift"; sourceTree = "<group>"; };
		8CA3CAF831B658B0F9E52002 /* Pods_BoostRunClub.framework */ = {isa = PBXFileReference; explicitFileType = wrapper.framework; includeInIndex = 0; path = Pods_BoostRunClub.framework; sourceTree = BUILT_PRODUCTS_DIR; };
		9600DB4E2566AA4400183CB9 /* BoostRunClub.app */ = {isa = PBXFileReference; explicitFileType = wrapper.application; includeInIndex = 0; path = BoostRunClub.app; sourceTree = BUILT_PRODUCTS_DIR; };
		9600DB512566AA4400183CB9 /* AppDelegate.swift */ = {isa = PBXFileReference; lastKnownFileType = sourcecode.swift; path = AppDelegate.swift; sourceTree = "<group>"; };
		9600DB532566AA4400183CB9 /* SceneDelegate.swift */ = {isa = PBXFileReference; lastKnownFileType = sourcecode.swift; path = SceneDelegate.swift; sourceTree = "<group>"; };
		9600DB5A2566AA4700183CB9 /* Assets.xcassets */ = {isa = PBXFileReference; lastKnownFileType = folder.assetcatalog; path = Assets.xcassets; sourceTree = "<group>"; };
		9600DB5D2566AA4700183CB9 /* Base */ = {isa = PBXFileReference; lastKnownFileType = file.storyboard; name = Base; path = Base.lproj/LaunchScreen.storyboard; sourceTree = "<group>"; };
		9600DB5F2566AA4700183CB9 /* Info.plist */ = {isa = PBXFileReference; lastKnownFileType = text.plist.xml; path = Info.plist; sourceTree = "<group>"; };
		9635815125722B5B00B8BE6B /* RunDataView.swift */ = {isa = PBXFileReference; lastKnownFileType = sourcecode.swift; path = RunDataView.swift; sourceTree = "<group>"; };
		9635815425722CFA00B8BE6B /* NikeLabel.swift */ = {isa = PBXFileReference; lastKnownFileType = sourcecode.swift; path = NikeLabel.swift; sourceTree = "<group>"; };
		9635815D25726EAA00B8BE6B /* BoostRunClubTests.xctest */ = {isa = PBXFileReference; explicitFileType = wrapper.cfbundle; includeInIndex = 0; path = BoostRunClubTests.xctest; sourceTree = BUILT_PRODUCTS_DIR; };
		9635815F25726EAB00B8BE6B /* BoostRunClubTests.swift */ = {isa = PBXFileReference; lastKnownFileType = sourcecode.swift; path = BoostRunClubTests.swift; sourceTree = "<group>"; };
		9635816125726EAB00B8BE6B /* Info.plist */ = {isa = PBXFileReference; lastKnownFileType = text.plist.xml; path = Info.plist; sourceTree = "<group>"; };
		9635816925726ECC00B8BE6B /* PrepareRunViewModelTest.swift */ = {isa = PBXFileReference; lastKnownFileType = sourcecode.swift; path = PrepareRunViewModelTest.swift; sourceTree = "<group>"; };
		9635817B2572707C00B8BE6B /* LocationProviderMock.swift */ = {isa = PBXFileReference; lastKnownFileType = sourcecode.swift; path = LocationProviderMock.swift; sourceTree = "<group>"; };
		963B46F4256CD4E0006138DF /* LocationProvider.swift */ = {isa = PBXFileReference; lastKnownFileType = sourcecode.swift; path = LocationProvider.swift; sourceTree = "<group>"; };
		967780282577905400DA2454 /* CountDownView.swift */ = {isa = PBXFileReference; lastKnownFileType = sourcecode.swift; path = CountDownView.swift; sourceTree = "<group>"; };
		967FFAA3257602A200F3340C /* TimerInterval+String.swift */ = {isa = PBXFileReference; lastKnownFileType = sourcecode.swift; path = "TimerInterval+String.swift"; sourceTree = "<group>"; };
		9689A15D25763CC800DED689 /* PausedRunningViewController.swift */ = {isa = PBXFileReference; lastKnownFileType = sourcecode.swift; path = PausedRunningViewController.swift; sourceTree = "<group>"; };
		9689A16125763D1E00DED689 /* PausedRunningCoordinator.swift */ = {isa = PBXFileReference; lastKnownFileType = sourcecode.swift; path = PausedRunningCoordinator.swift; sourceTree = "<group>"; };
		9689A165257640C700DED689 /* PausedRunningViewModel.swift */ = {isa = PBXFileReference; lastKnownFileType = sourcecode.swift; path = PausedRunningViewModel.swift; sourceTree = "<group>"; };
		9689A1692576441900DED689 /* RunningCoordinator.swift */ = {isa = PBXFileReference; lastKnownFileType = sourcecode.swift; path = RunningCoordinator.swift; sourceTree = "<group>"; };
		969D5F1B256FC48000DD11AB /* String+Regex.swift */ = {isa = PBXFileReference; lastKnownFileType = sourcecode.swift; name = "String+Regex.swift"; path = "BoostRunClub/Extensions/String+Regex.swift"; sourceTree = SOURCE_ROOT; };
		96E13211257680B100656476 /* DependencyFactory.swift */ = {isa = PBXFileReference; lastKnownFileType = sourcecode.swift; path = DependencyFactory.swift; sourceTree = "<group>"; };
		96FA7DF2256FFEE800090999 /* RunningInfoType.swift */ = {isa = PBXFileReference; lastKnownFileType = sourcecode.swift; name = RunningInfoType.swift; path = BoostRunClub/Models/RunningInfoType.swift; sourceTree = SOURCE_ROOT; };
		96FA7DF52570177C00090999 /* CaseIterable+.swift */ = {isa = PBXFileReference; lastKnownFileType = sourcecode.swift; name = "CaseIterable+.swift"; path = "BoostRunClub/Extensions/CaseIterable+.swift"; sourceTree = SOURCE_ROOT; };
		96FA7DFD25701C7700090999 /* RunningMapViewController.swift */ = {isa = PBXFileReference; lastKnownFileType = sourcecode.swift; path = RunningMapViewController.swift; sourceTree = "<group>"; };
		96FA7E0025701C9200090999 /* RunningInfoViewController.swift */ = {isa = PBXFileReference; lastKnownFileType = sourcecode.swift; path = RunningInfoViewController.swift; sourceTree = "<group>"; };
		96FA7E0325701CB800090999 /* SplitsViewController.swift */ = {isa = PBXFileReference; lastKnownFileType = sourcecode.swift; path = SplitsViewController.swift; sourceTree = "<group>"; };
		96FA7E0A257025FF00090999 /* RunningMapViewModel.swift */ = {isa = PBXFileReference; lastKnownFileType = sourcecode.swift; path = RunningMapViewModel.swift; sourceTree = "<group>"; };
		96FA7E0D2570260E00090999 /* SplitsViewModel.swift */ = {isa = PBXFileReference; lastKnownFileType = sourcecode.swift; path = SplitsViewModel.swift; sourceTree = "<group>"; };
		96FA7E152570696800090999 /* .swiftformat */ = {isa = PBXFileReference; lastKnownFileType = text; path = .swiftformat; sourceTree = "<group>"; };
		E97B7A94FBF7F86A709BC993 /* Pods-BoostRunClub.release.xcconfig */ = {isa = PBXFileReference; includeInIndex = 1; lastKnownFileType = text.xcconfig; name = "Pods-BoostRunClub.release.xcconfig"; path = "Target Support Files/Pods-BoostRunClub/Pods-BoostRunClub.release.xcconfig"; sourceTree = "<group>"; };
/* End PBXFileReference section */

/* Begin PBXFrameworksBuildPhase section */
		9600DB4B2566AA4400183CB9 /* Frameworks */ = {
			isa = PBXFrameworksBuildPhase;
			buildActionMask = 2147483647;
			files = (
				157031793501852C09F6DE10 /* Pods_BoostRunClub.framework in Frameworks */,
			);
			runOnlyForDeploymentPostprocessing = 0;
		};
		9635815A25726EAA00B8BE6B /* Frameworks */ = {
			isa = PBXFrameworksBuildPhase;
			buildActionMask = 2147483647;
			files = (
			);
			runOnlyForDeploymentPostprocessing = 0;
		};
/* End PBXFrameworksBuildPhase section */

/* Begin PBXGroup section */
		1CF14F3734FCD2A29FCDC3C0 /* Pods */ = {
			isa = PBXGroup;
			children = (
				07229ADEF1C1F5ED1B45C47D /* Pods-BoostRunClub.debug.xcconfig */,
				E97B7A94FBF7F86A709BC993 /* Pods-BoostRunClub.release.xcconfig */,
			);
			path = Pods;
			sourceTree = "<group>";
		};
		4C3E7ACE256F63080061244F /* Controllers */ = {
			isa = PBXGroup;
			children = (
				71E82894256B9581004A1F30 /* LoginViewController.swift */,
				71E8289A256B9B08004A1F30 /* ActivityViewController.swift */,
				71E8289D256B9B13004A1F30 /* RunningPageViewController.swift */,
				96FA7E0325701CB800090999 /* SplitsViewController.swift */,
				96FA7E0025701C9200090999 /* RunningInfoViewController.swift */,
				71E828A0256B9B1E004A1F30 /* ProfileViewController.swift */,
				4CCD6E77256BCA2500195EDA /* PrepareRunViewController.swift */,
				4CCD6E7E256BEA1200195EDA /* GoalTypeViewController.swift */,
				4CEB6BF1256F657A00FA7E88 /* GoalValueSetupViewController.swift */,
				96FA7DFD25701C7700090999 /* RunningMapViewController.swift */,
				9689A15D25763CC800DED689 /* PausedRunningViewController.swift */,
			);
			path = Controllers;
			sourceTree = "<group>";
		};
		4C3E7AD0256F63230061244F /* Cells */ = {
			isa = PBXGroup;
			children = (
				71A58D1E256D3FF80012FF51 /* GoalTypeCell.swift */,
			);
			path = Cells;
			sourceTree = "<group>";
		};
		71A58D16256D2DE50012FF51 /* ViewModels */ = {
			isa = PBXGroup;
			children = (
				71A58D1B256D2EEA0012FF51 /* GoalTypeViewModel.swift */,
				4CB8FA3225729F56000B90ED /* GoalTypeViewModelTest.swift */,
				4CEB6BF4256F661700FA7E88 /* GoalValueSetupViewModel.swift */,
				4CB8FA3625729F65000B90ED /* GoalValueSetupViewModelTest.swift */,
				71A58D17256D2DE50012FF51 /* PrepareRunViewModel.swift */,
				9635816925726ECC00B8BE6B /* PrepareRunViewModelTest.swift */,
				96FA7E0A257025FF00090999 /* RunningMapViewModel.swift */,
				4C3E7AB7256E45480061244F /* RunningInfoViewModel.swift */,
				96FA7E0D2570260E00090999 /* SplitsViewModel.swift */,
				9689A165257640C700DED689 /* PausedRunningViewModel.swift */,
				71EFCC6D257753FA007998AD /* RunningPageViewModel.swift */,
			);
			path = ViewModels;
			sourceTree = "<group>";
		};
		71E82887256B9184004A1F30 /* Views */ = {
			isa = PBXGroup;
			children = (
				4C3E7AD0256F63230061244F /* Cells */,
				4C3E7ACE256F63080061244F /* Controllers */,
				4C3E7AC8256F43440061244F /* GoalValueView.swift */,
				9635815125722B5B00B8BE6B /* RunDataView.swift */,
				9635815425722CFA00B8BE6B /* NikeLabel.swift */,
				71EFCC8C2577C3C0007998AD /* CircleButton.swift */,
				967780282577905400DA2454 /* CountDownView.swift */,
			);
			path = Views;
			sourceTree = "<group>";
		};
		71E82889256B91A0004A1F30 /* Coordinators */ = {
			isa = PBXGroup;
			children = (
				71E8288E256B9320004A1F30 /* AppCoordinator.swift */,
				71E82891256B9468004A1F30 /* LoginCoordinator.swift */,
				71E82897256B9788004A1F30 /* TabBarCoordinator.swift */,
				71E828A6256B9F13004A1F30 /* ProfileCoordinator.swift */,
				71E828AF256BADB0004A1F30 /* Coordinator.swift */,
				71E828B2256BADFA004A1F30 /* ActivityCoordinator.swift */,
				4CCD6E7A256BDD0800195EDA /* PrepareRunCoordinator.swift */,
				714ECA762574F41B00809CBE /* RunningPageCoordinator.swift */,
				9689A1692576441900DED689 /* RunningCoordinator.swift */,
				9689A16125763D1E00DED689 /* PausedRunningCoordinator.swift */,
				714C03972574F794006B81E3 /* RunningMapCoordinator.swift */,
				714C039A2574F7AE006B81E3 /* RunningInfoCoordinator.swift */,
				714C039D2574F7C6006B81E3 /* SplitsViewCoordinator.swift */,
			);
			path = Coordinators;
			sourceTree = "<group>";
		};
		71EFCC68257750C8007998AD /* Factory */ = {
			isa = PBXGroup;
			children = (
				96E13211257680B100656476 /* DependencyFactory.swift */,
			);
			path = Factory;
			sourceTree = "<group>";
		};
		9600DB452566AA4400183CB9 = {
			isa = PBXGroup;
			children = (
				9600DB502566AA4400183CB9 /* BoostRunClub */,
				9635815E25726EAB00B8BE6B /* BoostRunClubTests */,
				9600DB4F2566AA4400183CB9 /* Products */,
				1CF14F3734FCD2A29FCDC3C0 /* Pods */,
				C55C5C85FF1A070D490B9094 /* Frameworks */,
			);
			sourceTree = "<group>";
		};
		9600DB4F2566AA4400183CB9 /* Products */ = {
			isa = PBXGroup;
			children = (
				9600DB4E2566AA4400183CB9 /* BoostRunClub.app */,
				9635815D25726EAA00B8BE6B /* BoostRunClubTests.xctest */,
			);
			name = Products;
			sourceTree = "<group>";
		};
		9600DB502566AA4400183CB9 /* BoostRunClub */ = {
			isa = PBXGroup;
			children = (
				71EFCC68257750C8007998AD /* Factory */,
				963B46F3256CD440006138DF /* Services */,
				71E82889256B91A0004A1F30 /* Coordinators */,
				9680AB9225707E19006F0FD2 /* Models */,
				71A58D16256D2DE50012FF51 /* ViewModels */,
				71E82887256B9184004A1F30 /* Views */,
				9680AB9325707E3E006F0FD2 /* Extensions */,
				9600DB662566AA9900183CB9 /* SupportingFiles */,
				9600DB512566AA4400183CB9 /* AppDelegate.swift */,
				9600DB532566AA4400183CB9 /* SceneDelegate.swift */,
				96FA7E152570696800090999 /* .swiftformat */,
				4C9C8FD42566B0A400956D51 /* .swiftlint.yml */,
			);
			path = BoostRunClub;
			sourceTree = "<group>";
		};
		9600DB662566AA9900183CB9 /* SupportingFiles */ = {
			isa = PBXGroup;
			children = (
				4C3E7AC3256EC2620061244F /* Futura LT Condensed Extra Bold Oblique.ttf */,
				9600DB5A2566AA4700183CB9 /* Assets.xcassets */,
				9600DB5C2566AA4700183CB9 /* LaunchScreen.storyboard */,
				9600DB5F2566AA4700183CB9 /* Info.plist */,
			);
			path = SupportingFiles;
			sourceTree = "<group>";
		};
		9635815E25726EAB00B8BE6B /* BoostRunClubTests */ = {
			isa = PBXGroup;
			children = (
				963581752572703A00B8BE6B /* Mocks */,
				9635815F25726EAB00B8BE6B /* BoostRunClubTests.swift */,
				9635816125726EAB00B8BE6B /* Info.plist */,
			);
			path = BoostRunClubTests;
			sourceTree = "<group>";
		};
		963581752572703A00B8BE6B /* Mocks */ = {
			isa = PBXGroup;
			children = (
				9635817B2572707C00B8BE6B /* LocationProviderMock.swift */,
			);
			path = Mocks;
			sourceTree = "<group>";
		};
		963B46F3256CD440006138DF /* Services */ = {
			isa = PBXGroup;
			children = (
				4C1D491C2575D869002C66CD /* RunningDataService.swift */,
				963B46F4256CD4E0006138DF /* LocationProvider.swift */,
				4C7045FF2577821D009C39A2 /* EventTimer.swift */,
			);
			path = Services;
			sourceTree = "<group>";
		};
		9680AB9225707E19006F0FD2 /* Models */ = {
			isa = PBXGroup;
			children = (
				4C3E7ACB256F46A00061244F /* GoalType.swift */,
				96FA7DF2256FFEE800090999 /* RunningInfoType.swift */,
			);
			path = Models;
			sourceTree = "<group>";
		};
		9680AB9325707E3E006F0FD2 /* Extensions */ = {
			isa = PBXGroup;
			children = (
				4C3E7AB3256E3D920061244F /* Notification.name.swift */,
				969D5F1B256FC48000DD11AB /* String+Regex.swift */,
				96FA7DF52570177C00090999 /* CaseIterable+.swift */,
				967FFAA3257602A200F3340C /* TimerInterval+String.swift */,
				71EFCCA52577D3E6007998AD /* UIButton+setSFSymbol.swift */,
			);
			path = Extensions;
			sourceTree = "<group>";
		};
		C55C5C85FF1A070D490B9094 /* Frameworks */ = {
			isa = PBXGroup;
			children = (
				8CA3CAF831B658B0F9E52002 /* Pods_BoostRunClub.framework */,
			);
			name = Frameworks;
			sourceTree = "<group>";
		};
/* End PBXGroup section */

/* Begin PBXNativeTarget section */
		9600DB4D2566AA4400183CB9 /* BoostRunClub */ = {
			isa = PBXNativeTarget;
			buildConfigurationList = 9600DB622566AA4700183CB9 /* Build configuration list for PBXNativeTarget "BoostRunClub" */;
			buildPhases = (
				B28959AC16131B1D2CDBCCB1 /* [CP] Check Pods Manifest.lock */,
				9608B4AE256761190008D44A /* ShellScript */,
				9600DB4A2566AA4400183CB9 /* Sources */,
				9600DB4B2566AA4400183CB9 /* Frameworks */,
				9600DB4C2566AA4400183CB9 /* Resources */,
				4C9C8FD82566B0F400956D51 /* ShellScript */,
			);
			buildRules = (
			);
			dependencies = (
			);
			name = BoostRunClub;
			productName = BoostRunClub;
			productReference = 9600DB4E2566AA4400183CB9 /* BoostRunClub.app */;
			productType = "com.apple.product-type.application";
		};
		9635815C25726EAA00B8BE6B /* BoostRunClubTests */ = {
			isa = PBXNativeTarget;
			buildConfigurationList = 9635816625726EAB00B8BE6B /* Build configuration list for PBXNativeTarget "BoostRunClubTests" */;
			buildPhases = (
				9635815925726EAA00B8BE6B /* Sources */,
				9635815A25726EAA00B8BE6B /* Frameworks */,
				9635815B25726EAA00B8BE6B /* Resources */,
			);
			buildRules = (
			);
			dependencies = (
				9635816325726EAB00B8BE6B /* PBXTargetDependency */,
			);
			name = BoostRunClubTests;
			productName = BoostRunClubTests;
			productReference = 9635815D25726EAA00B8BE6B /* BoostRunClubTests.xctest */;
			productType = "com.apple.product-type.bundle.unit-test";
		};
/* End PBXNativeTarget section */

/* Begin PBXProject section */
		9600DB462566AA4400183CB9 /* Project object */ = {
			isa = PBXProject;
			attributes = {
				LastSwiftUpdateCheck = 1220;
				LastUpgradeCheck = 1220;
				TargetAttributes = {
					9600DB4D2566AA4400183CB9 = {
						CreatedOnToolsVersion = 12.2;
					};
					9635815C25726EAA00B8BE6B = {
						CreatedOnToolsVersion = 12.2;
						TestTargetID = 9600DB4D2566AA4400183CB9;
					};
				};
			};
			buildConfigurationList = 9600DB492566AA4400183CB9 /* Build configuration list for PBXProject "BoostRunClub" */;
			compatibilityVersion = "Xcode 9.3";
			developmentRegion = en;
			hasScannedForEncodings = 0;
			knownRegions = (
				en,
				Base,
			);
			mainGroup = 9600DB452566AA4400183CB9;
			productRefGroup = 9600DB4F2566AA4400183CB9 /* Products */;
			projectDirPath = "";
			projectRoot = "";
			targets = (
				9600DB4D2566AA4400183CB9 /* BoostRunClub */,
				9635815C25726EAA00B8BE6B /* BoostRunClubTests */,
			);
		};
/* End PBXProject section */

/* Begin PBXResourcesBuildPhase section */
		9600DB4C2566AA4400183CB9 /* Resources */ = {
			isa = PBXResourcesBuildPhase;
			buildActionMask = 2147483647;
			files = (
				96FA7E162570696800090999 /* .swiftformat in Resources */,
				4C9C8FD52566B0A400956D51 /* .swiftlint.yml in Resources */,
				9600DB5E2566AA4700183CB9 /* LaunchScreen.storyboard in Resources */,
				4C3E7AC4256EC2620061244F /* Futura LT Condensed Extra Bold Oblique.ttf in Resources */,
				9600DB5B2566AA4700183CB9 /* Assets.xcassets in Resources */,
			);
			runOnlyForDeploymentPostprocessing = 0;
		};
		9635815B25726EAA00B8BE6B /* Resources */ = {
			isa = PBXResourcesBuildPhase;
			buildActionMask = 2147483647;
			files = (
			);
			runOnlyForDeploymentPostprocessing = 0;
		};
/* End PBXResourcesBuildPhase section */

/* Begin PBXShellScriptBuildPhase section */
		4C9C8FD82566B0F400956D51 /* ShellScript */ = {
			isa = PBXShellScriptBuildPhase;
			buildActionMask = 2147483647;
			files = (
			);
			inputFileListPaths = (
			);
			inputPaths = (
			);
			outputFileListPaths = (
			);
			outputPaths = (
			);
			runOnlyForDeploymentPostprocessing = 0;
			shellPath = /bin/sh;
			shellScript = "# Type a script or drag a script file from your workspace to insert its path.\n${PODS_ROOT}/SwiftLint/swiftlint\n";
		};
		9608B4AE256761190008D44A /* ShellScript */ = {
			isa = PBXShellScriptBuildPhase;
			buildActionMask = 2147483647;
			files = (
			);
			inputFileListPaths = (
			);
			inputPaths = (
			);
			outputFileListPaths = (
			);
			outputPaths = (
			);
			runOnlyForDeploymentPostprocessing = 0;
			shellPath = /bin/sh;
			shellScript = "# Type a script or drag a script file from your workspace to insert its path.\n\"${PODS_ROOT}/SwiftFormat/CommandLineTool/swiftformat\" \"$SRCROOT\"\n";
		};
		B28959AC16131B1D2CDBCCB1 /* [CP] Check Pods Manifest.lock */ = {
			isa = PBXShellScriptBuildPhase;
			buildActionMask = 2147483647;
			files = (
			);
			inputFileListPaths = (
			);
			inputPaths = (
				"${PODS_PODFILE_DIR_PATH}/Podfile.lock",
				"${PODS_ROOT}/Manifest.lock",
			);
			name = "[CP] Check Pods Manifest.lock";
			outputFileListPaths = (
			);
			outputPaths = (
				"$(DERIVED_FILE_DIR)/Pods-BoostRunClub-checkManifestLockResult.txt",
			);
			runOnlyForDeploymentPostprocessing = 0;
			shellPath = /bin/sh;
			shellScript = "diff \"${PODS_PODFILE_DIR_PATH}/Podfile.lock\" \"${PODS_ROOT}/Manifest.lock\" > /dev/null\nif [ $? != 0 ] ; then\n    # print error to STDERR\n    echo \"error: The sandbox is not in sync with the Podfile.lock. Run 'pod install' or update your CocoaPods installation.\" >&2\n    exit 1\nfi\n# This output is used by Xcode 'outputs' to avoid re-running this script phase.\necho \"SUCCESS\" > \"${SCRIPT_OUTPUT_FILE_0}\"\n";
			showEnvVarsInLog = 0;
		};
/* End PBXShellScriptBuildPhase section */

/* Begin PBXSourcesBuildPhase section */
		9600DB4A2566AA4400183CB9 /* Sources */ = {
			isa = PBXSourcesBuildPhase;
			buildActionMask = 2147483647;
			files = (
				4C3E7AB8256E45480061244F /* RunningInfoViewModel.swift in Sources */,
				4C3E7AC9256F43440061244F /* GoalValueView.swift in Sources */,
				96E13212257680B100656476 /* DependencyFactory.swift in Sources */,
				71E82895256B9581004A1F30 /* LoginViewController.swift in Sources */,
				96FA7DF62570177C00090999 /* CaseIterable+.swift in Sources */,
				9689A15E25763CC800DED689 /* PausedRunningViewController.swift in Sources */,
				714C039E2574F7C6006B81E3 /* SplitsViewCoordinator.swift in Sources */,
				9689A166257640C700DED689 /* PausedRunningViewModel.swift in Sources */,
				71E82892256B9468004A1F30 /* LoginCoordinator.swift in Sources */,
				71E82898256B9788004A1F30 /* TabBarCoordinator.swift in Sources */,
				4CEB6BF2256F657A00FA7E88 /* GoalValueSetupViewController.swift in Sources */,
				71A58D1C256D2EEA0012FF51 /* GoalTypeViewModel.swift in Sources */,
				963B46F5256CD4E0006138DF /* LocationProvider.swift in Sources */,
				4C1D491D2575D869002C66CD /* RunningDataService.swift in Sources */,
				4C7046002577821D009C39A2 /* EventTimer.swift in Sources */,
				71EFCC8D2577C3C0007998AD /* CircleButton.swift in Sources */,
				9635815225722B5B00B8BE6B /* RunDataView.swift in Sources */,
				96FA7E0E2570260E00090999 /* SplitsViewModel.swift in Sources */,
				71EFCCA62577D3E6007998AD /* UIButton+setSFSymbol.swift in Sources */,
				71A58D1F256D3FF80012FF51 /* GoalTypeCell.swift in Sources */,
				71E8289B256B9B08004A1F30 /* ActivityViewController.swift in Sources */,
				71EFCC6E257753FA007998AD /* RunningPageViewModel.swift in Sources */,
				4CCD6E7F256BEA1200195EDA /* GoalTypeViewController.swift in Sources */,
				9689A16A2576441900DED689 /* RunningCoordinator.swift in Sources */,
				4C3E7ACC256F46A00061244F /* GoalType.swift in Sources */,
				71E828B0256BADB0004A1F30 /* Coordinator.swift in Sources */,
				969D5F1C256FC48000DD11AB /* String+Regex.swift in Sources */,
				96FA7DF3256FFEE800090999 /* RunningInfoType.swift in Sources */,
				96FA7E0425701CB800090999 /* SplitsViewController.swift in Sources */,
				4CCD6E78256BCA2500195EDA /* PrepareRunViewController.swift in Sources */,
				967FFAA4257602A200F3340C /* TimerInterval+String.swift in Sources */,
				714C03982574F794006B81E3 /* RunningMapCoordinator.swift in Sources */,
				71E828A1256B9B1E004A1F30 /* ProfileViewController.swift in Sources */,
				71A58D18256D2DE50012FF51 /* PrepareRunViewModel.swift in Sources */,
				71E828A7256B9F13004A1F30 /* ProfileCoordinator.swift in Sources */,
				714C039B2574F7AE006B81E3 /* RunningInfoCoordinator.swift in Sources */,
				96FA7E0B257025FF00090999 /* RunningMapViewModel.swift in Sources */,
				9689A16225763D1E00DED689 /* PausedRunningCoordinator.swift in Sources */,
				9635815525722CFA00B8BE6B /* NikeLabel.swift in Sources */,
				96FA7E0125701C9300090999 /* RunningInfoViewController.swift in Sources */,
				714ECA772574F41B00809CBE /* RunningPageCoordinator.swift in Sources */,
				4C3E7AB4256E3D920061244F /* Notification.name.swift in Sources */,
				71E8289E256B9B13004A1F30 /* RunningPageViewController.swift in Sources */,
				71E8288F256B9320004A1F30 /* AppCoordinator.swift in Sources */,
				967780292577905400DA2454 /* CountDownView.swift in Sources */,
				9600DB522566AA4400183CB9 /* AppDelegate.swift in Sources */,
				9600DB542566AA4400183CB9 /* SceneDelegate.swift in Sources */,
				4CCD6E7B256BDD0800195EDA /* PrepareRunCoordinator.swift in Sources */,
				71E828B3256BADFA004A1F30 /* ActivityCoordinator.swift in Sources */,
				96FA7DFE25701C7700090999 /* RunningMapViewController.swift in Sources */,
				4CEB6BF5256F661700FA7E88 /* GoalValueSetupViewModel.swift in Sources */,
			);
			runOnlyForDeploymentPostprocessing = 0;
		};
		9635815925726EAA00B8BE6B /* Sources */ = {
			isa = PBXSourcesBuildPhase;
			buildActionMask = 2147483647;
			files = (
				9635816A25726ECC00B8BE6B /* PrepareRunViewModelTest.swift in Sources */,
				9635816D25726EED00B8BE6B /* PrepareRunViewModel.swift in Sources */,
				4C7046032577862A009C39A2 /* EventTimer.swift in Sources */,
				9635817025726EF800B8BE6B /* GoalType.swift in Sources */,
				4CB8FA3725729F65000B90ED /* GoalValueSetupViewModelTest.swift in Sources */,
				9635816025726EAB00B8BE6B /* BoostRunClubTests.swift in Sources */,
				4CB8FA3325729F56000B90ED /* GoalTypeViewModelTest.swift in Sources */,
				963BDEB92572B9F4001D4124 /* String+Regex.swift in Sources */,
				963581762572705200B8BE6B /* LocationProvider.swift in Sources */,
				9635817C2572707C00B8BE6B /* LocationProviderMock.swift in Sources */,
				71CB9FFE2574374B00B1DD04 /* GoalTypeViewModel.swift in Sources */,
				4C1D49202575D8C4002C66CD /* RunningDataService.swift in Sources */,
				963BDEBA2572B9F4001D4124 /* CaseIterable+.swift in Sources */,
				963BDEB62572B867001D4124 /* GoalValueSetupViewModel.swift in Sources */,
			);
			runOnlyForDeploymentPostprocessing = 0;
		};
/* End PBXSourcesBuildPhase section */

/* Begin PBXTargetDependency section */
		9635816325726EAB00B8BE6B /* PBXTargetDependency */ = {
			isa = PBXTargetDependency;
			target = 9600DB4D2566AA4400183CB9 /* BoostRunClub */;
			targetProxy = 9635816225726EAB00B8BE6B /* PBXContainerItemProxy */;
		};
/* End PBXTargetDependency section */

/* Begin PBXVariantGroup section */
		9600DB5C2566AA4700183CB9 /* LaunchScreen.storyboard */ = {
			isa = PBXVariantGroup;
			children = (
				9600DB5D2566AA4700183CB9 /* Base */,
			);
			name = LaunchScreen.storyboard;
			sourceTree = "<group>";
		};
/* End PBXVariantGroup section */

/* Begin XCBuildConfiguration section */
		9600DB602566AA4700183CB9 /* Debug */ = {
			isa = XCBuildConfiguration;
			buildSettings = {
				ALWAYS_SEARCH_USER_PATHS = NO;
				CLANG_ANALYZER_NONNULL = YES;
				CLANG_ANALYZER_NUMBER_OBJECT_CONVERSION = YES_AGGRESSIVE;
				CLANG_CXX_LANGUAGE_STANDARD = "gnu++14";
				CLANG_CXX_LIBRARY = "libc++";
				CLANG_ENABLE_MODULES = YES;
				CLANG_ENABLE_OBJC_ARC = YES;
				CLANG_ENABLE_OBJC_WEAK = YES;
				CLANG_WARN_BLOCK_CAPTURE_AUTORELEASING = YES;
				CLANG_WARN_BOOL_CONVERSION = YES;
				CLANG_WARN_COMMA = YES;
				CLANG_WARN_CONSTANT_CONVERSION = YES;
				CLANG_WARN_DEPRECATED_OBJC_IMPLEMENTATIONS = YES;
				CLANG_WARN_DIRECT_OBJC_ISA_USAGE = YES_ERROR;
				CLANG_WARN_DOCUMENTATION_COMMENTS = YES;
				CLANG_WARN_EMPTY_BODY = YES;
				CLANG_WARN_ENUM_CONVERSION = YES;
				CLANG_WARN_INFINITE_RECURSION = YES;
				CLANG_WARN_INT_CONVERSION = YES;
				CLANG_WARN_NON_LITERAL_NULL_CONVERSION = YES;
				CLANG_WARN_OBJC_IMPLICIT_RETAIN_SELF = YES;
				CLANG_WARN_OBJC_LITERAL_CONVERSION = YES;
				CLANG_WARN_OBJC_ROOT_CLASS = YES_ERROR;
				CLANG_WARN_QUOTED_INCLUDE_IN_FRAMEWORK_HEADER = YES;
				CLANG_WARN_RANGE_LOOP_ANALYSIS = YES;
				CLANG_WARN_STRICT_PROTOTYPES = YES;
				CLANG_WARN_SUSPICIOUS_MOVE = YES;
				CLANG_WARN_UNGUARDED_AVAILABILITY = YES_AGGRESSIVE;
				CLANG_WARN_UNREACHABLE_CODE = YES;
				CLANG_WARN__DUPLICATE_METHOD_MATCH = YES;
				COPY_PHASE_STRIP = NO;
				DEBUG_INFORMATION_FORMAT = dwarf;
				ENABLE_STRICT_OBJC_MSGSEND = YES;
				ENABLE_TESTABILITY = YES;
				GCC_C_LANGUAGE_STANDARD = gnu11;
				GCC_DYNAMIC_NO_PIC = NO;
				GCC_NO_COMMON_BLOCKS = YES;
				GCC_OPTIMIZATION_LEVEL = 0;
				GCC_PREPROCESSOR_DEFINITIONS = (
					"DEBUG=1",
					"$(inherited)",
				);
				GCC_WARN_64_TO_32_BIT_CONVERSION = YES;
				GCC_WARN_ABOUT_RETURN_TYPE = YES_ERROR;
				GCC_WARN_UNDECLARED_SELECTOR = YES;
				GCC_WARN_UNINITIALIZED_AUTOS = YES_AGGRESSIVE;
				GCC_WARN_UNUSED_FUNCTION = YES;
				GCC_WARN_UNUSED_VARIABLE = YES;
				IPHONEOS_DEPLOYMENT_TARGET = 14.2;
				MTL_ENABLE_DEBUG_INFO = INCLUDE_SOURCE;
				MTL_FAST_MATH = YES;
				ONLY_ACTIVE_ARCH = YES;
				SDKROOT = iphoneos;
				SWIFT_ACTIVE_COMPILATION_CONDITIONS = DEBUG;
				SWIFT_OPTIMIZATION_LEVEL = "-Onone";
			};
			name = Debug;
		};
		9600DB612566AA4700183CB9 /* Release */ = {
			isa = XCBuildConfiguration;
			buildSettings = {
				ALWAYS_SEARCH_USER_PATHS = NO;
				CLANG_ANALYZER_NONNULL = YES;
				CLANG_ANALYZER_NUMBER_OBJECT_CONVERSION = YES_AGGRESSIVE;
				CLANG_CXX_LANGUAGE_STANDARD = "gnu++14";
				CLANG_CXX_LIBRARY = "libc++";
				CLANG_ENABLE_MODULES = YES;
				CLANG_ENABLE_OBJC_ARC = YES;
				CLANG_ENABLE_OBJC_WEAK = YES;
				CLANG_WARN_BLOCK_CAPTURE_AUTORELEASING = YES;
				CLANG_WARN_BOOL_CONVERSION = YES;
				CLANG_WARN_COMMA = YES;
				CLANG_WARN_CONSTANT_CONVERSION = YES;
				CLANG_WARN_DEPRECATED_OBJC_IMPLEMENTATIONS = YES;
				CLANG_WARN_DIRECT_OBJC_ISA_USAGE = YES_ERROR;
				CLANG_WARN_DOCUMENTATION_COMMENTS = YES;
				CLANG_WARN_EMPTY_BODY = YES;
				CLANG_WARN_ENUM_CONVERSION = YES;
				CLANG_WARN_INFINITE_RECURSION = YES;
				CLANG_WARN_INT_CONVERSION = YES;
				CLANG_WARN_NON_LITERAL_NULL_CONVERSION = YES;
				CLANG_WARN_OBJC_IMPLICIT_RETAIN_SELF = YES;
				CLANG_WARN_OBJC_LITERAL_CONVERSION = YES;
				CLANG_WARN_OBJC_ROOT_CLASS = YES_ERROR;
				CLANG_WARN_QUOTED_INCLUDE_IN_FRAMEWORK_HEADER = YES;
				CLANG_WARN_RANGE_LOOP_ANALYSIS = YES;
				CLANG_WARN_STRICT_PROTOTYPES = YES;
				CLANG_WARN_SUSPICIOUS_MOVE = YES;
				CLANG_WARN_UNGUARDED_AVAILABILITY = YES_AGGRESSIVE;
				CLANG_WARN_UNREACHABLE_CODE = YES;
				CLANG_WARN__DUPLICATE_METHOD_MATCH = YES;
				COPY_PHASE_STRIP = NO;
				DEBUG_INFORMATION_FORMAT = "dwarf-with-dsym";
				ENABLE_NS_ASSERTIONS = NO;
				ENABLE_STRICT_OBJC_MSGSEND = YES;
				GCC_C_LANGUAGE_STANDARD = gnu11;
				GCC_NO_COMMON_BLOCKS = YES;
				GCC_WARN_64_TO_32_BIT_CONVERSION = YES;
				GCC_WARN_ABOUT_RETURN_TYPE = YES_ERROR;
				GCC_WARN_UNDECLARED_SELECTOR = YES;
				GCC_WARN_UNINITIALIZED_AUTOS = YES_AGGRESSIVE;
				GCC_WARN_UNUSED_FUNCTION = YES;
				GCC_WARN_UNUSED_VARIABLE = YES;
				IPHONEOS_DEPLOYMENT_TARGET = 14.2;
				MTL_ENABLE_DEBUG_INFO = NO;
				MTL_FAST_MATH = YES;
				SDKROOT = iphoneos;
				SWIFT_COMPILATION_MODE = wholemodule;
				SWIFT_OPTIMIZATION_LEVEL = "-O";
				VALIDATE_PRODUCT = YES;
			};
			name = Release;
		};
		9600DB632566AA4700183CB9 /* Debug */ = {
			isa = XCBuildConfiguration;
			baseConfigurationReference = 07229ADEF1C1F5ED1B45C47D /* Pods-BoostRunClub.debug.xcconfig */;
			buildSettings = {
				ASSETCATALOG_COMPILER_APPICON_NAME = AppIcon;
				ASSETCATALOG_COMPILER_GLOBAL_ACCENT_COLOR_NAME = AccentColor;
				CODE_SIGN_STYLE = Automatic;
				DEVELOPMENT_TEAM = B3PWYBKFUK;
				INFOPLIST_FILE = BoostRunClub/SupportingFiles/Info.plist;
				LD_RUNPATH_SEARCH_PATHS = (
					"$(inherited)",
					"@executable_path/Frameworks",
				);
				PRODUCT_BUNDLE_IDENTIFIER = com.BoostCamp2020.BoostRunClub;
				PRODUCT_NAME = "$(TARGET_NAME)";
				SWIFT_VERSION = 5.0;
				TARGETED_DEVICE_FAMILY = "1,2";
			};
			name = Debug;
		};
		9600DB642566AA4700183CB9 /* Release */ = {
			isa = XCBuildConfiguration;
			baseConfigurationReference = E97B7A94FBF7F86A709BC993 /* Pods-BoostRunClub.release.xcconfig */;
			buildSettings = {
				ASSETCATALOG_COMPILER_APPICON_NAME = AppIcon;
				ASSETCATALOG_COMPILER_GLOBAL_ACCENT_COLOR_NAME = AccentColor;
				CODE_SIGN_STYLE = Automatic;
				DEVELOPMENT_TEAM = B3PWYBKFUK;
				INFOPLIST_FILE = BoostRunClub/SupportingFiles/Info.plist;
				LD_RUNPATH_SEARCH_PATHS = (
					"$(inherited)",
					"@executable_path/Frameworks",
				);
				PRODUCT_BUNDLE_IDENTIFIER = com.BoostCamp2020.BoostRunClub;
				PRODUCT_NAME = "$(TARGET_NAME)";
				SWIFT_VERSION = 5.0;
				TARGETED_DEVICE_FAMILY = "1,2";
			};
			name = Release;
		};
		9635816425726EAB00B8BE6B /* Debug */ = {
			isa = XCBuildConfiguration;
			buildSettings = {
				BUNDLE_LOADER = "$(TEST_HOST)";
				CODE_SIGN_STYLE = Automatic;
				DEVELOPMENT_TEAM = B3PWYBKFUK;
				INFOPLIST_FILE = BoostRunClubTests/Info.plist;
				LD_RUNPATH_SEARCH_PATHS = (
					"$(inherited)",
					"@executable_path/Frameworks",
					"@loader_path/Frameworks",
				);
				PRODUCT_BUNDLE_IDENTIFIER = com.BoostCamp2020.BoostRunClubTests;
				PRODUCT_NAME = "$(TARGET_NAME)";
				SWIFT_VERSION = 5.0;
				TARGETED_DEVICE_FAMILY = "1,2";
				TEST_HOST = "$(BUILT_PRODUCTS_DIR)/BoostRunClub.app/BoostRunClub";
			};
			name = Debug;
		};
		9635816525726EAB00B8BE6B /* Release */ = {
			isa = XCBuildConfiguration;
			buildSettings = {
				BUNDLE_LOADER = "$(TEST_HOST)";
				CODE_SIGN_STYLE = Automatic;
				DEVELOPMENT_TEAM = B3PWYBKFUK;
				INFOPLIST_FILE = BoostRunClubTests/Info.plist;
				LD_RUNPATH_SEARCH_PATHS = (
					"$(inherited)",
					"@executable_path/Frameworks",
					"@loader_path/Frameworks",
				);
				PRODUCT_BUNDLE_IDENTIFIER = com.BoostCamp2020.BoostRunClubTests;
				PRODUCT_NAME = "$(TARGET_NAME)";
				SWIFT_VERSION = 5.0;
				TARGETED_DEVICE_FAMILY = "1,2";
				TEST_HOST = "$(BUILT_PRODUCTS_DIR)/BoostRunClub.app/BoostRunClub";
			};
			name = Release;
		};
/* End XCBuildConfiguration section */

/* Begin XCConfigurationList section */
		9600DB492566AA4400183CB9 /* Build configuration list for PBXProject "BoostRunClub" */ = {
			isa = XCConfigurationList;
			buildConfigurations = (
				9600DB602566AA4700183CB9 /* Debug */,
				9600DB612566AA4700183CB9 /* Release */,
			);
			defaultConfigurationIsVisible = 0;
			defaultConfigurationName = Release;
		};
		9600DB622566AA4700183CB9 /* Build configuration list for PBXNativeTarget "BoostRunClub" */ = {
			isa = XCConfigurationList;
			buildConfigurations = (
				9600DB632566AA4700183CB9 /* Debug */,
				9600DB642566AA4700183CB9 /* Release */,
			);
			defaultConfigurationIsVisible = 0;
			defaultConfigurationName = Release;
		};
		9635816625726EAB00B8BE6B /* Build configuration list for PBXNativeTarget "BoostRunClubTests" */ = {
			isa = XCConfigurationList;
			buildConfigurations = (
				9635816425726EAB00B8BE6B /* Debug */,
				9635816525726EAB00B8BE6B /* Release */,
			);
			defaultConfigurationIsVisible = 0;
			defaultConfigurationName = Release;
		};
/* End XCConfigurationList section */
	};
	rootObject = 9600DB462566AA4400183CB9 /* Project object */;
}
